
Microsoft Visual Studio Solution File, Format Version 12.00
# Visual Studio 15
VisualStudioVersion = 15.0.28307.1169
MinimumVisualStudioVersion = 10.0.40219.1
Project("{FAE04EC0-301F-11D3-BF4B-00C04F79EFBC}") = "Cronimum", "Cronimum\Cronimum.csproj", "{B6087144-76C5-4CCD-91DE-2439C24A7209}"
EndProject
Global
	GlobalSection(SolutionConfigurationPlatforms) = preSolution
		Debug|Any CPU = Debug|Any CPU
		Release|Any CPU = Release|Any CPU
	EndGlobalSection
	GlobalSection(ProjectConfigurationPlatforms) = postSolution
		{B6087144-76C5-4CCD-91DE-2439C24A7209}.Debug|Any CPU.ActiveCfg = Debug|Any CPU
		{B6087144-76C5-4CCD-91DE-2439C24A7209}.Debug|Any CPU.Build.0 = Debug|Any CPU
		{B6087144-76C5-4CCD-91DE-2439C24A7209}.Release|Any CPU.ActiveCfg = Release|Any CPU
		{B6087144-76C5-4CCD-91DE-2439C24A7209}.Release|Any CPU.Build.0 = Release|Any CPU
	EndGlobalSection
	GlobalSection(SolutionProperties) = preSolution
		HideSolutionNode = FALSE
	EndGlobalSection
	GlobalSection(ExtensibilityGlobals) = postSolution
		SolutionGuid = {352F84A6-7BA4-49C5-9B74-A5BD030D07EC}
	EndGlobalSection
EndGlobal
